
Microsoft Visual Studio Solution File, Format Version 12.00
# Visual Studio Version 17
VisualStudioVersion = 17.3.32929.385
MinimumVisualStudioVersion = 10.0.40219.1
Project("{FAE04EC0-301F-11D3-BF4B-00C04F79EFBC}") = "Practices", "Practices.csproj", "{F08E5DB4-912D-4E54-9B10-022C4F7DDC7C}"
EndProject
Project("{FAE04EC0-301F-11D3-BF4B-00C04F79EFBC}") = "Practices.Tests", "Practices.Tests\Practices.Tests.csproj", "{FEBE5E04-5E93-4C10-A85E-7D03AA36F161}"
EndProject
Global
	GlobalSection(SolutionConfigurationPlatforms) = preSolution
		Debug|Any CPU = Debug|Any CPU
		Release|Any CPU = Release|Any CPU
	EndGlobalSection
	GlobalSection(ProjectConfigurationPlatforms) = postSolution
		{F08E5DB4-912D-4E54-9B10-022C4F7DDC7C}.Debug|Any CPU.ActiveCfg = Debug|Any CPU
		{F08E5DB4-912D-4E54-9B10-022C4F7DDC7C}.Debug|Any CPU.Build.0 = Debug|Any CPU
		{F08E5DB4-912D-4E54-9B10-022C4F7DDC7C}.Release|Any CPU.ActiveCfg = Release|Any CPU
		{F08E5DB4-912D-4E54-9B10-022C4F7DDC7C}.Release|Any CPU.Build.0 = Release|Any CPU
		{FEBE5E04-5E93-4C10-A85E-7D03AA36F161}.Debug|Any CPU.ActiveCfg = Debug|Any CPU
		{FEBE5E04-5E93-4C10-A85E-7D03AA36F161}.Debug|Any CPU.Build.0 = Debug|Any CPU
		{FEBE5E04-5E93-4C10-A85E-7D03AA36F161}.Release|Any CPU.ActiveCfg = Release|Any CPU
		{FEBE5E04-5E93-4C10-A85E-7D03AA36F161}.Release|Any CPU.Build.0 = Release|Any CPU
	EndGlobalSection
	GlobalSection(SolutionProperties) = preSolution
		HideSolutionNode = FALSE
	EndGlobalSection
	GlobalSection(ExtensibilityGlobals) = postSolution
		SolutionGuid = {422E9565-2D2B-4258-B3F7-72596ADD8891}
	EndGlobalSection
EndGlobal
